<?xml version="1.0" encoding="utf-8"?>
<Project ToolsVersion="4.0" xmlns="http://schemas.microsoft.com/developer/msbuild/2003">
  <ItemGroup>
    <Filter Include="pch">
      <UniqueIdentifier>{33737bb6-1b3e-4b4e-9ad5-60c44e6d3e76}</UniqueIdentifier>
    </Filter>
    <Filter Include="assembly">
      <UniqueIdentifier>{f64ec867-87bc-484d-8299-e7f00b03bb29}</UniqueIdentifier>
    </Filter>
    <Filter Include="step">
      <UniqueIdentifier>{0a343a88-4035-4739-bdb7-fb19f3d138a7}</UniqueIdentifier>
    </Filter>
    <Filter Include="core">
      <UniqueIdentifier>{6574e242-f473-4c19-ab16-99aba433d4b1}</UniqueIdentifier>
    </Filter>
    <Filter Include="assembly\ref">
      <UniqueIdentifier>{06217943-9c96-410c-a7b3-5b39525cec0b}</UniqueIdentifier>
    </Filter>
    <Filter Include="assembly\old">
      <UniqueIdentifier>{95616ddf-ae43-49ea-8800-60d5bb19b921}</UniqueIdentifier>
    </Filter>
    <Filter Include="core\utils">
      <UniqueIdentifier>{e39c292b-5326-42dd-9790-20ceba84fdea}</UniqueIdentifier>
    </Filter>
    <Filter Include="step\old">
      <UniqueIdentifier>{6d5c3d9d-8591-4f51-8a1d-46781f242eaf}</UniqueIdentifier>
    </Filter>
    <Filter Include="step\ref">
      <UniqueIdentifier>{ca44c07c-4447-406c-b5b6-7ae91635b5a8}</UniqueIdentifier>
    </Filter>
    <Filter Include="core\occ">
      <UniqueIdentifier>{fb118bdd-cf72-4080-9191-134be998643b}</UniqueIdentifier>
    </Filter>
  </ItemGroup>
  <ItemGroup>
    <ClInclude Include="pch.h">
      <Filter>pch</Filter>
    </ClInclude>
    <ClInclude Include="Result.hpp">
      <Filter>core</Filter>
    </ClInclude>
    <ClInclude Include="ResultOr.hpp">
      <Filter>core</Filter>
    </ClInclude>
    <ClInclude Include="AssemblyGraph.h">
      <Filter>assembly\ref</Filter>
    </ClInclude>
    <ClInclude Include="AssemblyGraphBuilder.h">
      <Filter>assembly\ref</Filter>
    </ClInclude>
    <ClInclude Include="GraphId.h">
      <Filter>assembly\ref</Filter>
    </ClInclude>
    <ClInclude Include="Assembly_Builder.h">
      <Filter>assembly\old</Filter>
    </ClInclude>
    <ClInclude Include="Assembly_GraphBuilder.h">
      <Filter>assembly\old</Filter>
    </ClInclude>
    <ClInclude Include="Assembly_Parser.h">
      <Filter>assembly\old</Filter>
    </ClInclude>
    <ClInclude Include="Assembly_TransformationVisitor.h">
      <Filter>assembly\old</Filter>
    </ClInclude>
    <ClInclude Include="StringUtils.h">
      <Filter>core\utils</Filter>
    </ClInclude>
    <ClInclude Include="Step_Reader.h">
      <Filter>step\old</Filter>
    </ClInclude>
    <ClInclude Include="Step_Writer.h">
      <Filter>step\old</Filter>
    </ClInclude>
    <ClInclude Include="Transform.h">
      <Filter>core\occ</Filter>
    </ClInclude>
    <ClInclude Include="Shape.hpp">
      <Filter>core\occ</Filter>
    </ClInclude>
    <ClInclude Include="CoordinateSystem.h">
      <Filter>core\occ</Filter>
    </ClInclude>
    <ClInclude Include="Csw.hpp">
      <Filter>core\occ</Filter>
    </ClInclude>
    <ClInclude Include="StepReader.h">
      <Filter>step\ref</Filter>
    </ClInclude>
    <ClInclude Include="StepData.h">
      <Filter>step\ref</Filter>
    </ClInclude>
  </ItemGroup>
  <ItemGroup>
    <ClCompile Include="pch.cpp">
      <Filter>pch</Filter>
    </ClCompile>
    <ClCompile Include="AssemblyGraph.cpp">
      <Filter>assembly\ref</Filter>
    </ClCompile>
    <ClCompile Include="AssemblyGraphBuilder.cpp">
      <Filter>assembly\ref</Filter>
    </ClCompile>
    <ClCompile Include="GraphId.cpp">
      <Filter>assembly\ref</Filter>
    </ClCompile>
    <ClCompile Include="Assembly_Builder.cpp">
      <Filter>assembly\old</Filter>
    </ClCompile>
    <ClCompile Include="Assembly_GraphBuilder.cpp">
      <Filter>assembly\old</Filter>
    </ClCompile>
    <ClCompile Include="Assembly_Parser.cpp">
      <Filter>assembly\old</Filter>
    </ClCompile>
    <ClCompile Include="Assembly_TransformationVisitor.cpp">
      <Filter>assembly\old</Filter>
    </ClCompile>
    <ClCompile Include="StringUtils.cpp">
      <Filter>core\utils</Filter>
    </ClCompile>
    <ClCompile Include="Step_Reader.cpp">
      <Filter>step\old</Filter>
    </ClCompile>
    <ClCompile Include="Step_Writer.cpp">
      <Filter>step\old</Filter>
    </ClCompile>
    <ClCompile Include="Transform.cpp">
      <Filter>core\occ</Filter>
    </ClCompile>
    <ClCompile Include="CoordinateSystem.cpp">
      <Filter>core\occ</Filter>
    </ClCompile>
    <ClCompile Include="StepReader.cpp">
      <Filter>step\ref</Filter>
    </ClCompile>
    <ClCompile Include="StepData.cpp">
      <Filter>step\ref</Filter>
    </ClCompile>
  </ItemGroup>
</Project>