<?xml version="1.0" encoding="utf-8"?>
<Project ToolsVersion="4.0" xmlns="http://schemas.microsoft.com/developer/msbuild/2003">
  <ItemGroup>
    <Filter Include="pch">
      <UniqueIdentifier>{33737bb6-1b3e-4b4e-9ad5-60c44e6d3e76}</UniqueIdentifier>
    </Filter>
    <Filter Include="assembly">
      <UniqueIdentifier>{f64ec867-87bc-484d-8299-e7f00b03bb29}</UniqueIdentifier>
    </Filter>
    <Filter Include="step">
      <UniqueIdentifier>{0a343a88-4035-4739-bdb7-fb19f3d138a7}</UniqueIdentifier>
    </Filter>
    <Filter Include="core">
      <UniqueIdentifier>{6574e242-f473-4c19-ab16-99aba433d4b1}</UniqueIdentifier>
    </Filter>
    <Filter Include="core\utils">
      <UniqueIdentifier>{e39c292b-5326-42dd-9790-20ceba84fdea}</UniqueIdentifier>
    </Filter>
    <Filter Include="core\occ">
      <UniqueIdentifier>{fb118bdd-cf72-4080-9191-134be998643b}</UniqueIdentifier>
    </Filter>
    <Filter Include="gltf">
      <UniqueIdentifier>{e8d7c5f2-3f84-4984-8f60-033a50e9ce6d}</UniqueIdentifier>
    </Filter>
    <Filter Include="workflow">
      <UniqueIdentifier>{5f52209f-7213-4d38-bd91-7d1431df7e83}</UniqueIdentifier>
    </Filter>
    <Filter Include="workflow\stages">
      <UniqueIdentifier>{cb6fdeb2-c68d-47c1-92a4-89634b90a671}</UniqueIdentifier>
    </Filter>
    <Filter Include="core\pipeline">
      <UniqueIdentifier>{ee789ad8-36fc-453b-8a03-beaa5e56f5dd}</UniqueIdentifier>
    </Filter>
  </ItemGroup>
  <ItemGroup>
    <ClInclude Include="pch.h">
      <Filter>pch</Filter>
    </ClInclude>
    <ClInclude Include="Result.hpp">
      <Filter>core</Filter>
    </ClInclude>
    <ClInclude Include="ResultOr.hpp">
      <Filter>core</Filter>
    </ClInclude>
    <ClInclude Include="StringUtils.h">
      <Filter>core\utils</Filter>
    </ClInclude>
    <ClInclude Include="Transform.h">
      <Filter>core\occ</Filter>
    </ClInclude>
    <ClInclude Include="Shape.hpp">
      <Filter>core\occ</Filter>
    </ClInclude>
    <ClInclude Include="CoordinateSystem.h">
      <Filter>core\occ</Filter>
    </ClInclude>
    <ClInclude Include="Csw.hpp">
      <Filter>core\occ</Filter>
    </ClInclude>
    <ClInclude Include="SAMOSBOR.h" />
    <ClInclude Include="StepData.h">
      <Filter>step</Filter>
    </ClInclude>
    <ClInclude Include="StepReader.h">
      <Filter>step</Filter>
    </ClInclude>
    <ClInclude Include="StepWriter.h">
      <Filter>step</Filter>
    </ClInclude>
    <ClInclude Include="AssemblyBuilder.h">
      <Filter>assembly</Filter>
    </ClInclude>
    <ClInclude Include="AssemblyGraph.h">
      <Filter>assembly</Filter>
    </ClInclude>
    <ClInclude Include="AssemblyGraphBuilder.h">
      <Filter>assembly</Filter>
    </ClInclude>
    <ClInclude Include="AssemblySettings.hpp">
      <Filter>assembly</Filter>
    </ClInclude>
    <ClInclude Include="GraphId.h">
      <Filter>assembly</Filter>
    </ClInclude>
    <ClInclude Include="GltfWriter.h">
      <Filter>gltf</Filter>
    </ClInclude>
    <ClInclude Include="Mesh.hpp">
      <Filter>core\occ</Filter>
    </ClInclude>
        <ClInclude Include="CuttingEdge.hpp">
      <Filter>core\occ</Filter>
    </ClInclude>
    <ClInclude Include="Trace.hpp">
      <Filter>core</Filter>
    </ClInclude>
    <ClInclude Include="Triangulation.h">
      <Filter>core\occ</Filter>
    </ClInclude>
    <ClInclude Include="Pipeliner.h">
      <Filter>workflow</Filter>
    </ClInclude>
    <ClInclude Include="Assembly.h">
      <Filter>assembly</Filter>
    </ClInclude>
    <ClInclude Include="Stage.hpp">
      <Filter>workflow</Filter>
    </ClInclude>
    <ClInclude Include="ReadStepStage.h">
      <Filter>workflow\stages</Filter>
    </ClInclude>
    <ClInclude Include="BuildAssemblyGraphStage.h">
      <Filter>workflow\stages</Filter>
    </ClInclude>
    <ClInclude Include="BuildAssemblyStage.h">
      <Filter>workflow\stages</Filter>
    </ClInclude>
    <ClInclude Include="WriteStepStage.h">
      <Filter>workflow\stages</Filter>
    </ClInclude>
    <ClInclude Include="WriteGltfStage.h">
      <Filter>workflow\stages</Filter>
    </ClInclude>
    <ClInclude Include="EmptyTypeT.hpp">
      <Filter>core</Filter>
    </ClInclude>
    <ClInclude Include="Pipeline.hpp">
      <Filter>core\pipeline</Filter>
    </ClInclude>
  </ItemGroup>
  <ItemGroup>
    <ClCompile Include="pch.cpp">
      <Filter>pch</Filter>
    </ClCompile>
    <ClCompile Include="StringUtils.cpp">
      <Filter>core\utils</Filter>
    </ClCompile>
    <ClCompile Include="Transform.cpp">
      <Filter>core\occ</Filter>
    </ClCompile>
    <ClCompile Include="CoordinateSystem.cpp">
      <Filter>core\occ</Filter>
    </ClCompile>
    <ClCompile Include="StepData.cpp">
      <Filter>step</Filter>
    </ClCompile>
    <ClCompile Include="StepReader.cpp">
      <Filter>step</Filter>
    </ClCompile>
    <ClCompile Include="StepWriter.cpp">
      <Filter>step</Filter>
    </ClCompile>
    <ClCompile Include="AssemblyBuilder.cpp">
      <Filter>assembly</Filter>
    </ClCompile>
    <ClCompile Include="AssemblyGraph.cpp">
      <Filter>assembly</Filter>
    </ClCompile>
    <ClCompile Include="AssemblyGraphBuilder.cpp">
      <Filter>assembly</Filter>
    </ClCompile>
    <ClCompile Include="GraphId.cpp">
      <Filter>assembly</Filter>
    </ClCompile>
    <ClCompile Include="GltfWriter.cpp">
      <Filter>gltf</Filter>
    </ClCompile>
    <ClCompile Include="Triangulation.cpp">
      <Filter>core\occ</Filter>
    </ClCompile>
    <ClCompile Include="Pipeliner.cpp">
      <Filter>workflow</Filter>
    </ClCompile>
    <ClCompile Include="Assembly.cpp">
      <Filter>assembly</Filter>
    </ClCompile>
    <ClCompile Include="ReadStepStage.cpp">
      <Filter>workflow\stages</Filter>
    </ClCompile>
    <ClCompile Include="BuildAssemblyGraphStage.cpp">
      <Filter>workflow\stages</Filter>
    </ClCompile>
    <ClCompile Include="BuildAssemblyStage.cpp">
      <Filter>workflow\stages</Filter>
    </ClCompile>
    <ClCompile Include="WriteStepStage.cpp">
      <Filter>workflow\stages</Filter>
    </ClCompile>
    <ClCompile Include="WriteGltfStage.cpp">
      <Filter>workflow\stages</Filter>
    </ClCompile>
  </ItemGroup>
</Project>